{
  "name": "js-example",
  "version": "0.1.0",
  "lockfileVersion": 3,
  "requires": true,
  "packages": {
    "": {
      "name": "js-example",
      "version": "0.1.0",
      "dependencies": {
        "flagfile-ts": "file:../../flagfile-ts"
      }
    },
    "../../flagfile-ts": {
      "version": "0.1.0",
      "devDependencies": {
        "typescript": "^5.7.0",
        "vitest": "^3.0.0"
      }
    },
    "node_modules/flagfile-ts": {
      "resolved": "../../flagfile-ts",
      "link": true
    }
  }
}
